
Microsoft Visual Studio Solution File, Format Version 12.00
# Visual Studio 2015
Project("{FAE04EC0-301F-11D3-BF4B-00C04F79EFBC}") = "AnimalRace.Plugins", "AnimalRace.Plugins.csproj", "{660CB46D-3125-E5A4-C542-57DDA0558A2A}"
EndProject
Project("{FAE04EC0-301F-11D3-BF4B-00C04F79EFBC}") = "AnimalRace", "AnimalRace.csproj", "{4EA881D3-C82A-141B-58D0-73B8541DEEB1}"
EndProject
Project("{FAE04EC0-301F-11D3-BF4B-00C04F79EFBC}") = "AnimalRace.Editor.Plugins", "AnimalRace.Editor.Plugins.csproj", "{9094AF58-3C9F-FBC2-1F30-F5C056C50A41}"
EndProject
Project("{FAE04EC0-301F-11D3-BF4B-00C04F79EFBC}") = "AnimalRace.Editor", "AnimalRace.Editor.csproj", "{76E39C9B-C0AD-AA48-0A58-C7EEC151734B}"
EndProject
Global
	GlobalSection(SolutionConfigurationPlatforms) = preSolution
		Debug|Any CPU = Debug|Any CPU
		Release|Any CPU = Release|Any CPU
	EndGlobalSection
	GlobalSection(ProjectConfigurationPlatforms) = postSolution
		{660CB46D-3125-E5A4-C542-57DDA0558A2A}.Debug|Any CPU.ActiveCfg = Debug|Any CPU
		{660CB46D-3125-E5A4-C542-57DDA0558A2A}.Debug|Any CPU.Build.0 = Debug|Any CPU
		{660CB46D-3125-E5A4-C542-57DDA0558A2A}.Release|Any CPU.ActiveCfg = Release|Any CPU
		{660CB46D-3125-E5A4-C542-57DDA0558A2A}.Release|Any CPU.Build.0 = Release|Any CPU
		{4EA881D3-C82A-141B-58D0-73B8541DEEB1}.Debug|Any CPU.ActiveCfg = Debug|Any CPU
		{4EA881D3-C82A-141B-58D0-73B8541DEEB1}.Debug|Any CPU.Build.0 = Debug|Any CPU
		{4EA881D3-C82A-141B-58D0-73B8541DEEB1}.Release|Any CPU.ActiveCfg = Release|Any CPU
		{4EA881D3-C82A-141B-58D0-73B8541DEEB1}.Release|Any CPU.Build.0 = Release|Any CPU
		{9094AF58-3C9F-FBC2-1F30-F5C056C50A41}.Debug|Any CPU.ActiveCfg = Debug|Any CPU
		{9094AF58-3C9F-FBC2-1F30-F5C056C50A41}.Debug|Any CPU.Build.0 = Debug|Any CPU
		{9094AF58-3C9F-FBC2-1F30-F5C056C50A41}.Release|Any CPU.ActiveCfg = Release|Any CPU
		{9094AF58-3C9F-FBC2-1F30-F5C056C50A41}.Release|Any CPU.Build.0 = Release|Any CPU
		{76E39C9B-C0AD-AA48-0A58-C7EEC151734B}.Debug|Any CPU.ActiveCfg = Debug|Any CPU
		{76E39C9B-C0AD-AA48-0A58-C7EEC151734B}.Debug|Any CPU.Build.0 = Debug|Any CPU
		{76E39C9B-C0AD-AA48-0A58-C7EEC151734B}.Release|Any CPU.ActiveCfg = Release|Any CPU
		{76E39C9B-C0AD-AA48-0A58-C7EEC151734B}.Release|Any CPU.Build.0 = Release|Any CPU
	EndGlobalSection
	GlobalSection(SolutionProperties) = preSolution
		HideSolutionNode = FALSE
	EndGlobalSection
EndGlobal
